
Microsoft Visual Studio Solution File, Format Version 12.00
# Visual Studio Version 16
VisualStudioVersion = 16.0.30523.141
MinimumVisualStudioVersion = 10.0.40219.1
Project("{9A19103F-16F7-4668-BE54-9A1E7A4F7556}") = "Dcm.Twitter.Api", "Dcm.Twitter.Api\Dcm.Twitter.Api.csproj", "{FAB34DBE-6A65-4F0A-9F1A-DD61005B80E1}"
EndProject
Project("{9A19103F-16F7-4668-BE54-9A1E7A4F7556}") = "Dcm.Twitter.Models", "Dcm.Twitter.Models\Dcm.Twitter.Models.csproj", "{2CF3B8AA-8AF4-43F5-9FA8-911D45B1CDAA}"
EndProject
Project("{9A19103F-16F7-4668-BE54-9A1E7A4F7556}") = "Dcm.Twitter.Repository", "Dcm.Twitter.Repository\Dcm.Twitter.Repository.csproj", "{3000D94E-D6B4-4F14-B49E-7AF140D2D08C}"
EndProject
Project("{9A19103F-16F7-4668-BE54-9A1E7A4F7556}") = "Dcm.Twitter.Business", "Dcm.Twitter.Business\Dcm.Twitter.Business.csproj", "{D7F966C7-D29E-4B06-B78B-828CACEA4196}"
EndProject
Project("{9A19103F-16F7-4668-BE54-9A1E7A4F7556}") = "Dcm.Twitter.Contracts", "Dcm.Twitter.Contracts\Dcm.Twitter.Contracts.csproj", "{583E51FC-3D61-40AF-965B-4FCE5CFA7D4C}"
EndProject
Global
	GlobalSection(SolutionConfigurationPlatforms) = preSolution
		Debug|Any CPU = Debug|Any CPU
		Release|Any CPU = Release|Any CPU
	EndGlobalSection
	GlobalSection(ProjectConfigurationPlatforms) = postSolution
		{FAB34DBE-6A65-4F0A-9F1A-DD61005B80E1}.Debug|Any CPU.ActiveCfg = Debug|Any CPU
		{FAB34DBE-6A65-4F0A-9F1A-DD61005B80E1}.Debug|Any CPU.Build.0 = Debug|Any CPU
		{FAB34DBE-6A65-4F0A-9F1A-DD61005B80E1}.Release|Any CPU.ActiveCfg = Release|Any CPU
		{FAB34DBE-6A65-4F0A-9F1A-DD61005B80E1}.Release|Any CPU.Build.0 = Release|Any CPU
		{2CF3B8AA-8AF4-43F5-9FA8-911D45B1CDAA}.Debug|Any CPU.ActiveCfg = Debug|Any CPU
		{2CF3B8AA-8AF4-43F5-9FA8-911D45B1CDAA}.Debug|Any CPU.Build.0 = Debug|Any CPU
		{2CF3B8AA-8AF4-43F5-9FA8-911D45B1CDAA}.Release|Any CPU.ActiveCfg = Release|Any CPU
		{2CF3B8AA-8AF4-43F5-9FA8-911D45B1CDAA}.Release|Any CPU.Build.0 = Release|Any CPU
		{3000D94E-D6B4-4F14-B49E-7AF140D2D08C}.Debug|Any CPU.ActiveCfg = Debug|Any CPU
		{3000D94E-D6B4-4F14-B49E-7AF140D2D08C}.Debug|Any CPU.Build.0 = Debug|Any CPU
		{3000D94E-D6B4-4F14-B49E-7AF140D2D08C}.Release|Any CPU.ActiveCfg = Release|Any CPU
		{3000D94E-D6B4-4F14-B49E-7AF140D2D08C}.Release|Any CPU.Build.0 = Release|Any CPU
		{D7F966C7-D29E-4B06-B78B-828CACEA4196}.Debug|Any CPU.ActiveCfg = Debug|Any CPU
		{D7F966C7-D29E-4B06-B78B-828CACEA4196}.Debug|Any CPU.Build.0 = Debug|Any CPU
		{D7F966C7-D29E-4B06-B78B-828CACEA4196}.Release|Any CPU.ActiveCfg = Release|Any CPU
		{D7F966C7-D29E-4B06-B78B-828CACEA4196}.Release|Any CPU.Build.0 = Release|Any CPU
		{583E51FC-3D61-40AF-965B-4FCE5CFA7D4C}.Debug|Any CPU.ActiveCfg = Debug|Any CPU
		{583E51FC-3D61-40AF-965B-4FCE5CFA7D4C}.Debug|Any CPU.Build.0 = Debug|Any CPU
		{583E51FC-3D61-40AF-965B-4FCE5CFA7D4C}.Release|Any CPU.ActiveCfg = Release|Any CPU
		{583E51FC-3D61-40AF-965B-4FCE5CFA7D4C}.Release|Any CPU.Build.0 = Release|Any CPU
	EndGlobalSection
	GlobalSection(SolutionProperties) = preSolution
		HideSolutionNode = FALSE
	EndGlobalSection
	GlobalSection(ExtensibilityGlobals) = postSolution
		SolutionGuid = {CE05B435-18A7-4D28-920A-DC8B0921CC6A}
	EndGlobalSection
EndGlobal
